
Microsoft Visual Studio Solution File, Format Version 12.00
# Visual Studio Version 17
VisualStudioVersion = 17.14.36327.8 d17.14
MinimumVisualStudioVersion = 10.0.40219.1
Project("{FAE04EC0-301F-11D3-BF4B-00C04F79EFBC}") = "MauiSearchBar", "MauiSearchBar\MauiSearchBar.csproj", "{ABD8CCBD-5A2F-4055-A40C-5F6936D75941}"
EndProject
Global
	GlobalSection(SolutionConfigurationPlatforms) = preSolution
		Debug|Any CPU = Debug|Any CPU
		Release|Any CPU = Release|Any CPU
	EndGlobalSection
	GlobalSection(ProjectConfigurationPlatforms) = postSolution
		{ABD8CCBD-5A2F-4055-A40C-5F6936D75941}.Debug|Any CPU.ActiveCfg = Debug|Any CPU
		{ABD8CCBD-5A2F-4055-A40C-5F6936D75941}.Debug|Any CPU.Build.0 = Debug|Any CPU
		{ABD8CCBD-5A2F-4055-A40C-5F6936D75941}.Release|Any CPU.ActiveCfg = Release|Any CPU
		{ABD8CCBD-5A2F-4055-A40C-5F6936D75941}.Release|Any CPU.Build.0 = Release|Any CPU
	EndGlobalSection
	GlobalSection(SolutionProperties) = preSolution
		HideSolutionNode = FALSE
	EndGlobalSection
	GlobalSection(ExtensibilityGlobals) = postSolution
		SolutionGuid = {1369441E-A86F-4931-ABD8-5C597140B976}
	EndGlobalSection
EndGlobal
